
Microsoft Visual Studio Solution File, Format Version 12.00
# Visual Studio 15
Project("{FAE04EC0-301F-11D3-BF4B-00C04F79EFBC}") = "Confession", "Confession.csproj", "{07FE2741-02E6-141D-A5E5-456697A93D73}"
EndProject
Project("{FAE04EC0-301F-11D3-BF4B-00C04F79EFBC}") = "Confession.Editor", "Confession.Editor.csproj", "{D71C131D-B95C-A9DB-5FDC-A18D23D0A6E3}"
EndProject
Global
	GlobalSection(SolutionConfigurationPlatforms) = preSolution
		Debug|Any CPU = Debug|Any CPU
		Release|Any CPU = Release|Any CPU
	EndGlobalSection
	GlobalSection(ProjectConfigurationPlatforms) = postSolution
		{07FE2741-02E6-141D-A5E5-456697A93D73}.Debug|Any CPU.ActiveCfg = Debug|Any CPU
		{07FE2741-02E6-141D-A5E5-456697A93D73}.Debug|Any CPU.Build.0 = Debug|Any CPU
		{07FE2741-02E6-141D-A5E5-456697A93D73}.Release|Any CPU.ActiveCfg = Release|Any CPU
		{07FE2741-02E6-141D-A5E5-456697A93D73}.Release|Any CPU.Build.0 = Release|Any CPU
		{D71C131D-B95C-A9DB-5FDC-A18D23D0A6E3}.Debug|Any CPU.ActiveCfg = Debug|Any CPU
		{D71C131D-B95C-A9DB-5FDC-A18D23D0A6E3}.Debug|Any CPU.Build.0 = Debug|Any CPU
		{D71C131D-B95C-A9DB-5FDC-A18D23D0A6E3}.Release|Any CPU.ActiveCfg = Release|Any CPU
		{D71C131D-B95C-A9DB-5FDC-A18D23D0A6E3}.Release|Any CPU.Build.0 = Release|Any CPU
	EndGlobalSection
	GlobalSection(SolutionProperties) = preSolution
		HideSolutionNode = FALSE
	EndGlobalSection
EndGlobal
